{
  "requires": true,
  "lockfileVersion": 1,
  "dependencies": {
    "d3-array": {
      "version": "1.2.4",
      "resolved": "https://registry.npmjs.org/d3-array/-/d3-array-1.2.4.tgz",
      "integrity": "sha512-KHW6M86R+FUPYGb3R5XiYjXPq7VzwxZ22buHhAEVG5ztoEcZZMLov530mmccaqA1GghZArjQV46fuc8kUqhhHw=="
    },
    "d3-collection": {
      "version": "1.0.7",
      "resolved": "https://registry.npmjs.org/d3-collection/-/d3-collection-1.0.7.tgz",
      "integrity": "sha512-ii0/r5f4sjKNTfh84Di+DpztYwqKhEyUlKoPrzUFfeSkWxjW49xU2QzO9qrPrNkpdI0XJkfzvmTu8V2Zylln6A=="
    },
    "d3-color": {
      "version": "1.4.1",
      "resolved": "https://registry.npmjs.org/d3-color/-/d3-color-1.4.1.tgz",
      "integrity": "sha512-p2sTHSLCJI2QKunbGb7ocOh7DgTAn8IrLx21QRc/BSnodXM4sv6aLQlnfpvehFMLZEfBc6g9pH9SWQccFYfJ9Q=="
    },
    "d3-ease": {
      "version": "1.0.7",
      "resolved": "https://registry.npmjs.org/d3-ease/-/d3-ease-1.0.7.tgz",
      "integrity": "sha512-lx14ZPYkhNx0s/2HX5sLFUI3mbasHjSSpwO/KaaNACweVwxUruKyWVcb293wMv1RqTPZyZ8kSZ2NogUZNcLOFQ=="
    },
    "d3-format": {
      "version": "1.4.5",
      "resolved": "https://registry.npmjs.org/d3-format/-/d3-format-1.4.5.tgz",
      "integrity": "sha512-J0piedu6Z8iB6TbIGfZgDzfXxUFN3qQRMofy2oPdXzQibYGqPB/9iMcxr/TGalU+2RsyDO+U4f33id8tbnSRMQ=="
    },
    "d3-interpolate": {
      "version": "1.4.0",
      "resolved": "https://registry.npmjs.org/d3-interpolate/-/d3-interpolate-1.4.0.tgz",
      "integrity": "sha512-V9znK0zc3jOPV4VD2zZn0sDhZU3WAE2bmlxdIwwQPPzPjvyLkd8B3JUVdS1IDUFDkWZ72c9qnv1GK2ZagTZ8EA==",
      "requires": {
        "d3-color": "1"
      }
    },
    "d3-path": {
      "version": "1.0.9",
      "resolved": "https://registry.npmjs.org/d3-path/-/d3-path-1.0.9.tgz",
      "integrity": "sha512-VLaYcn81dtHVTjEHd8B+pbe9yHWpXKZUC87PzoFmsFrJqgFwDe/qxfp5MlfsfM1V5E/iVt0MmEbWQ7FVIXh/bg=="
    },
    "d3-scale": {
      "version": "1.0.7",
      "resolved": "https://registry.npmjs.org/d3-scale/-/d3-scale-1.0.7.tgz",
      "integrity": "sha512-KvU92czp2/qse5tUfGms6Kjig0AhHOwkzXG0+PqIJB3ke0WUv088AHMZI0OssO9NCkXt4RP8yju9rpH8aGB7Lw==",
      "requires": {
        "d3-array": "^1.2.0",
        "d3-collection": "1",
        "d3-color": "1",
        "d3-format": "1",
        "d3-interpolate": "1",
        "d3-time": "1",
        "d3-time-format": "2"
      }
    },
    "d3-shape": {
      "version": "1.3.7",
      "resolved": "https://registry.npmjs.org/d3-shape/-/d3-shape-1.3.7.tgz",
      "integrity": "sha512-EUkvKjqPFUAZyOlhY5gzCxCeI0Aep04LwIRpsZ/mLFelJiUfnK56jo5JMDSE7yyP2kLSb6LtF+S5chMk7uqPqw==",
      "requires": {
        "d3-path": "1"
      }
    },
    "d3-time": {
      "version": "1.1.0",
      "resolved": "https://registry.npmjs.org/d3-time/-/d3-time-1.1.0.tgz",
      "integrity": "sha512-Xh0isrZ5rPYYdqhAVk8VLnMEidhz5aP7htAADH6MfzgmmicPkTo8LhkLxci61/lCB7n7UmE3bN0leRt+qvkLxA=="
    },
    "d3-time-format": {
      "version": "2.3.0",
      "resolved": "https://registry.npmjs.org/d3-time-format/-/d3-time-format-2.3.0.tgz",
      "integrity": "sha512-guv6b2H37s2Uq/GefleCDtbe0XZAuy7Wa49VGkPVPMfLL9qObgBST3lEHJBMUp8S7NdLQAGIvr2KXk8Hc98iKQ==",
      "requires": {
        "d3-time": "1"
      }
    },
    "d3-timer": {
      "version": "1.0.10",
      "resolved": "https://registry.npmjs.org/d3-timer/-/d3-timer-1.0.10.tgz",
      "integrity": "sha512-B1JDm0XDaQC+uvo4DT79H0XmBskgS3l6Ve+1SBCfxgmtIb1AVrPIoqd+nPSv+loMX8szQ0sVUhGngL7D5QPiXw=="
    },
    "d3-voronoi": {
      "version": "1.1.4",
      "resolved": "https://registry.npmjs.org/d3-voronoi/-/d3-voronoi-1.1.4.tgz",
      "integrity": "sha512-dArJ32hchFsrQ8uMiTBLq256MpnZjeuBtdHpaDlYuQyjU0CVzCJl/BVW+SkszaAeH95D/8gxqAhgx0ouAWAfRg=="
    },
    "delaunator": {
      "version": "4.0.1",
      "resolved": "https://registry.npmjs.org/delaunator/-/delaunator-4.0.1.tgz",
      "integrity": "sha512-WNPWi1IRKZfCt/qIDMfERkDp93+iZEmOxN2yy4Jg+Xhv8SLk2UTqqbe1sfiipn0and9QrE914/ihdx82Y/Giag=="
    },
    "delaunay-find": {
      "version": "0.0.5",
      "resolved": "https://registry.npmjs.org/delaunay-find/-/delaunay-find-0.0.5.tgz",
      "integrity": "sha512-7yAJ/wmKWj3SgqjtkGqT/RCwI0HWAo5YnHMoF5nYXD8cdci+YSo23iPmgrZUNOpDxRWN91PqxUvMMr2lKpjr+w==",
      "requires": {
        "delaunator": "^4.0.0"
      }
    },
    "js-tokens": {
      "version": "4.0.0",
      "resolved": "https://registry.npmjs.org/js-tokens/-/js-tokens-4.0.0.tgz",
      "integrity": "sha512-RdJUflcE3cUzKiMqQgsCu06FPu9UdIJO0beYbPhHN4k6apgJtifcoCtT9bcxOpYBtpD2kCM6Sbzg4CausW/PKQ=="
    },
    "json-stringify-safe": {
      "version": "5.0.1",
      "resolved": "https://registry.npmjs.org/json-stringify-safe/-/json-stringify-safe-5.0.1.tgz",
      "integrity": "sha1-Epai1Y/UXxmg9s4B1lcB4sc1tus="
    },
    "lodash": {
      "version": "4.17.20",
      "resolved": "https://registry.npmjs.org/lodash/-/lodash-4.17.20.tgz",
      "integrity": "sha512-PlhdFcillOINfeV7Ni6oF1TAEayyZBoZ8bcshTHqOYJYlrqzRK5hagpagky5o4HfCzzd1TRkXPMFq6cKk9rGmA=="
    },
    "loose-envify": {
      "version": "1.4.0",
      "resolved": "https://registry.npmjs.org/loose-envify/-/loose-envify-1.4.0.tgz",
      "integrity": "sha512-lyuxPGr/Wfhrlem2CL/UcnUc1zcqKAImBDzukY7Y5F/yQiNdko6+fRLevlw1HgMySw7f611UIY408EtxRSoK3Q==",
      "requires": {
        "js-tokens": "^3.0.0 || ^4.0.0"
      }
    },
    "object-assign": {
      "version": "4.1.1",
      "resolved": "https://registry.npmjs.org/object-assign/-/object-assign-4.1.1.tgz",
      "integrity": "sha1-IQmtx5ZYh8/AXLvUQsrIv7s2CGM="
    },
    "prop-types": {
      "version": "15.7.2",
      "resolved": "https://registry.npmjs.org/prop-types/-/prop-types-15.7.2.tgz",
      "integrity": "sha512-8QQikdH7//R2vurIJSutZ1smHYTcLpRWEOlHnzcWHmBYrOGUysKwSsrC89BCiFj3CbrfJ/nXFdJepOVrY1GCHQ==",
      "requires": {
        "loose-envify": "^1.4.0",
        "object-assign": "^4.1.1",
        "react-is": "^16.8.1"
      }
    },
    "react-fast-compare": {
      "version": "2.0.4",
      "resolved": "https://registry.npmjs.org/react-fast-compare/-/react-fast-compare-2.0.4.tgz",
      "integrity": "sha512-suNP+J1VU1MWFKcyt7RtjiSWUjvidmQSlqu+eHslq+342xCbGTYmC0mEhPCOHxlW0CywylOC1u2DFAT+bv4dBw=="
    },
    "react-is": {
      "version": "16.13.1",
      "resolved": "https://registry.npmjs.org/react-is/-/react-is-16.13.1.tgz",
      "integrity": "sha512-24e6ynE2H+OKt4kqsOvNd8kBpV65zoxbA4BVsEOB3ARVWQki/DHzaUoC5KuON/BiccDaCCTZBuOcfZs70kR8bQ=="
    },
    "victory": {
      "version": "35.3.4",
      "resolved": "https://registry.npmjs.org/victory/-/victory-35.3.4.tgz",
      "integrity": "sha512-QoMNrZaMixmFX10EMLfkNgPcnLt38iA35nongzgJQ6AGzKQPgiYuX19qi9UlMHuqH3jDTotMEKGJtqMVc5PilQ==",
      "requires": {
        "victory-area": "^35.3.4",
        "victory-axis": "^35.3.4",
        "victory-bar": "^35.3.4",
        "victory-box-plot": "^35.3.4",
        "victory-brush-container": "^35.3.4",
        "victory-brush-line": "^35.3.4",
        "victory-candlestick": "^35.3.4",
        "victory-chart": "^35.3.4",
        "victory-core": "^35.3.4",
        "victory-create-container": "^35.3.4",
        "victory-cursor-container": "^35.3.4",
        "victory-errorbar": "^35.3.4",
        "victory-group": "^35.3.4",
        "victory-histogram": "^35.3.4",
        "victory-legend": "^35.3.4",
        "victory-line": "^35.3.4",
        "victory-pie": "^35.3.4",
        "victory-polar-axis": "^35.3.4",
        "victory-scatter": "^35.3.4",
        "victory-selection-container": "^35.3.4",
        "victory-shared-events": "^35.3.4",
        "victory-stack": "^35.3.4",
        "victory-tooltip": "^35.3.4",
        "victory-voronoi": "^35.3.4",
        "victory-voronoi-container": "^35.3.4",
        "victory-zoom-container": "^35.3.4"
      }
    },
    "victory-area": {
      "version": "35.3.4",
      "resolved": "https://registry.npmjs.org/victory-area/-/victory-area-35.3.4.tgz",
      "integrity": "sha512-+3CIXVlEon5fekfhlnhL0mssr0DYxpebXb4LMAZkkm2a34aug617qIE/OfRmeFQkj/QWkeOZ0UNA3U7s5wlcIA==",
      "requires": {
        "d3-shape": "^1.2.0",
        "lodash": "^4.17.19",
        "prop-types": "^15.5.8",
        "victory-core": "^35.3.4"
      }
    },
    "victory-axis": {
      "version": "35.3.4",
      "resolved": "https://registry.npmjs.org/victory-axis/-/victory-axis-35.3.4.tgz",
      "integrity": "sha512-/E/h6qqH5Y95veCSnua+Wh1oTI58yQ47hli/LPA0adl9vYgJW/4oljwqjjk7zy+6aZ269RKs5PqekrL3v9Nt0g==",
      "requires": {
        "lodash": "^4.17.19",
        "prop-types": "^15.5.8",
        "victory-core": "^35.3.4"
      }
    },
    "victory-bar": {
      "version": "35.3.4",
      "resolved": "https://registry.npmjs.org/victory-bar/-/victory-bar-35.3.4.tgz",
      "integrity": "sha512-pSPnqPUzyKftLp2mpDkUzIvN9X4tzjHi8WegCW9OTJbzUEk658jluZ0nagatMh/H28Z9KPhYG6ZHGKri/mRE+A==",
      "requires": {
        "d3-shape": "^1.2.0",
        "lodash": "^4.17.19",
        "prop-types": "^15.5.8",
        "victory-core": "^35.3.4"
      }
    },
    "victory-box-plot": {
      "version": "35.3.4",
      "resolved": "https://registry.npmjs.org/victory-box-plot/-/victory-box-plot-35.3.4.tgz",
      "integrity": "sha512-e2XpaoNNfXuN8mqjzQZUG0+FBJ9nwgOgEYaD0AOpHsS9SKG2Odrqvt2qSNa6VR2ugmrqEbmE9o6XFxTblzzGng==",
      "requires": {
        "d3-array": "^1.2.0",
        "lodash": "^4.17.19",
        "prop-types": "^15.5.8",
        "victory-core": "^35.3.4"
      }
    },
    "victory-brush-container": {
      "version": "35.3.4",
      "resolved": "https://registry.npmjs.org/victory-brush-container/-/victory-brush-container-35.3.4.tgz",
      "integrity": "sha512-dHwN8lVXx9VZ51kZdYNxe5R0Z5Gmhmf7nzupHaHOToMpm/OO1p/L9fi9+QhAPUisQWIwcgJiVfb4S6ST85lYNA==",
      "requires": {
        "lodash": "^4.17.19",
        "prop-types": "^15.5.8",
        "react-fast-compare": "^2.0.0",
        "victory-core": "^35.3.4"
      }
    },
    "victory-brush-line": {
      "version": "35.3.4",
      "resolved": "https://registry.npmjs.org/victory-brush-line/-/victory-brush-line-35.3.4.tgz",
      "integrity": "sha512-WxLeEK9tZCSa1oroq0T6AbDccDNTFQ87aZlSrG2WcyVLncRpQQ616kxN5qHj1KfNpFKDvWWDtGNYnA8JCEW1DA==",
      "requires": {
        "lodash": "^4.17.19",
        "prop-types": "^15.5.8",
        "react-fast-compare": "^2.0.0",
        "victory-core": "^35.3.4"
      }
    },
    "victory-candlestick": {
      "version": "35.3.4",
      "resolved": "https://registry.npmjs.org/victory-candlestick/-/victory-candlestick-35.3.4.tgz",
      "integrity": "sha512-aH8UEmo1RFAv+LufOydEPrzKyqYsu7svfoCEd7ZzixGdpiTrHbbTf6/9y/bXFPKNTUNPyv2ko+p57RMzHYcx7g==",
      "requires": {
        "lodash": "^4.17.19",
        "prop-types": "^15.5.8",
        "victory-core": "^35.3.4"
      }
    },
    "victory-chart": {
      "version": "35.3.4",
      "resolved": "https://registry.npmjs.org/victory-chart/-/victory-chart-35.3.4.tgz",
      "integrity": "sha512-OZMkMuuvaYHljmDq72rYMSn5dUsZIozgUYhMXoHwc6D7AuBcCQE0lzBv82xKlJn+95JwgbcEi5o/bLzwATCByg==",
      "requires": {
        "lodash": "^4.17.19",
        "prop-types": "^15.5.8",
        "react-fast-compare": "^2.0.0",
        "victory-axis": "^35.3.4",
        "victory-core": "^35.3.4",
        "victory-polar-axis": "^35.3.4",
        "victory-shared-events": "^35.3.4"
      }
    },
    "victory-core": {
      "version": "35.3.4",
      "resolved": "https://registry.npmjs.org/victory-core/-/victory-core-35.3.4.tgz",
      "integrity": "sha512-uskNGipXfHJepH2uGi6jUmF5x8m1oe1jG03HTm4bQMZ5beHfyRykOXhPFNB3dzMqXE+m7t7AlKCBijNnsvSexA==",
      "requires": {
        "d3-ease": "^1.0.0",
        "d3-interpolate": "^1.1.1",
        "d3-scale": "^1.0.0",
        "d3-shape": "^1.2.0",
        "d3-timer": "^1.0.0",
        "lodash": "^4.17.19",
        "prop-types": "^15.5.8",
        "react-fast-compare": "^2.0.0"
      }
    },
    "victory-create-container": {
      "version": "35.3.4",
      "resolved": "https://registry.npmjs.org/victory-create-container/-/victory-create-container-35.3.4.tgz",
      "integrity": "sha512-TBIZAxWk6Vyf2HKehMjiclgPnsoeTpe5Q8HJjqxGaNQtxsJM0GW6bWdh1opA2DudADI0tum2RlOdDh3113k8Qg==",
      "requires": {
        "lodash": "^4.17.19",
        "victory-brush-container": "^35.3.4",
        "victory-core": "^35.3.4",
        "victory-cursor-container": "^35.3.4",
        "victory-selection-container": "^35.3.4",
        "victory-voronoi-container": "^35.3.4",
        "victory-zoom-container": "^35.3.4"
      }
    },
    "victory-cursor-container": {
      "version": "35.3.4",
      "resolved": "https://registry.npmjs.org/victory-cursor-container/-/victory-cursor-container-35.3.4.tgz",
      "integrity": "sha512-rsGu7jUWph5wqFV4szEUf9CHiNQ1rB8ru7vSdNjFOfx6irgeYdTZT7BwuDOuxNB6t67ZF3HJpmv6lT6/eHenVQ==",
      "requires": {
        "lodash": "^4.17.19",
        "prop-types": "^15.5.8",
        "victory-core": "^35.3.4"
      }
    },
    "victory-errorbar": {
      "version": "35.3.4",
      "resolved": "https://registry.npmjs.org/victory-errorbar/-/victory-errorbar-35.3.4.tgz",
      "integrity": "sha512-gb88zv/3GxL0pY/eiWhMsB2Rx4cCGNHdzwE2yuLodgIi6kpyEtQekeaNR1WV22lZNv5RxkJjQdXf+4CTP7GFyw==",
      "requires": {
        "lodash": "^4.17.19",
        "prop-types": "^15.5.8",
        "victory-core": "^35.3.4"
      }
    },
    "victory-group": {
      "version": "35.3.4",
      "resolved": "https://registry.npmjs.org/victory-group/-/victory-group-35.3.4.tgz",
      "integrity": "sha512-hxOpTRRL/Lh3PRCynm/ZGl2Zmm6Lqw6yJK3c5lUzj5Lbp76p5emV8eBHVaomZftYBAq610ca6jgzo6ktRxKZxA==",
      "requires": {
        "lodash": "^4.17.19",
        "prop-types": "^15.5.8",
        "react-fast-compare": "^2.0.0",
        "victory-core": "^35.3.4",
        "victory-shared-events": "^35.3.4"
      }
    },
    "victory-histogram": {
      "version": "35.3.4",
      "resolved": "https://registry.npmjs.org/victory-histogram/-/victory-histogram-35.3.4.tgz",
      "integrity": "sha512-hALASFr7j+d91OZEBHcY/u9+9CopXyVXDFttzrJsG12qhFWjDhlWYf9NHigV1f+e49VoTm9ySNvKbWOefB7Uag==",
      "requires": {
        "d3-array": "^2.4.0",
        "d3-scale": "^1.0.0",
        "lodash": "^4.17.19",
        "prop-types": "^15.5.8",
        "react-fast-compare": "^2.0.0",
        "victory-bar": "^35.3.4",
        "victory-core": "^35.3.4"
      },
      "dependencies": {
        "d3-array": {
          "version": "2.8.0",
          "resolved": "https://registry.npmjs.org/d3-array/-/d3-array-2.8.0.tgz",
          "integrity": "sha512-6V272gsOeg7+9pTW1jSYOR1QE37g95I3my1hBmY+vOUNHRrk9yt4OTz/gK7PMkVAVDrYYq4mq3grTiZ8iJdNIw=="
        }
      }
    },
    "victory-legend": {
      "version": "35.3.4",
      "resolved": "https://registry.npmjs.org/victory-legend/-/victory-legend-35.3.4.tgz",
      "integrity": "sha512-DbadLtPFxusho7RYaM/J72JG5/Kg/Q81SNmewrglGzL8O8KpwuZ7yeeopotNWAlNUiofwcAYNaqLWnMycWEheQ==",
      "requires": {
        "lodash": "^4.17.19",
        "prop-types": "^15.5.8",
        "victory-core": "^35.3.4"
      }
    },
    "victory-line": {
      "version": "35.3.4",
      "resolved": "https://registry.npmjs.org/victory-line/-/victory-line-35.3.4.tgz",
      "integrity": "sha512-O+VnJwX9lEAPYMQy9ratu2wnVrNtHTR54D2SuqUhtpFtwO6fGZvqXSI4TViNjsYnV1BV3XgcVcy5nID5BZmxeQ==",
      "requires": {
        "d3-shape": "^1.2.0",
        "lodash": "^4.17.19",
        "prop-types": "^15.5.8",
        "victory-core": "^35.3.4"
      }
    },
    "victory-pie": {
      "version": "35.3.4",
      "resolved": "https://registry.npmjs.org/victory-pie/-/victory-pie-35.3.4.tgz",
      "integrity": "sha512-5M7ljh6gXljojrg2tzVJwef/Kqy4Ad1iv2Kgi+6G7v9wKOZDbvy9+q/YUyc201f+t1xXy2iAdeOxZ0GPq1PHQg==",
      "requires": {
        "d3-shape": "^1.0.0",
        "lodash": "^4.17.19",
        "prop-types": "^15.5.8",
        "victory-core": "^35.3.4"
      }
    },
    "victory-polar-axis": {
      "version": "35.3.4",
      "resolved": "https://registry.npmjs.org/victory-polar-axis/-/victory-polar-axis-35.3.4.tgz",
      "integrity": "sha512-iEy2ZL4xkxXvSLXYhLQa7hwC62pC4MNALAIA7V/nrvg39QqBnh+n4avH04R6sg5TRVdsFAKZqReaEMF2WQFAxg==",
      "requires": {
        "lodash": "^4.17.19",
        "prop-types": "^15.5.8",
        "victory-core": "^35.3.4"
      }
    },
    "victory-scatter": {
      "version": "35.3.4",
      "resolved": "https://registry.npmjs.org/victory-scatter/-/victory-scatter-35.3.4.tgz",
      "integrity": "sha512-ECV/fJqCyUAczTTNwfzkolvWiDmAilJAlu78xVP6MfL389ws06HNVosNQpx/I/DZdmLY2hs9yBEeaR2p6HB2TQ==",
      "requires": {
        "lodash": "^4.17.19",
        "prop-types": "^15.5.8",
        "victory-core": "^35.3.4"
      }
    },
    "victory-selection-container": {
      "version": "35.3.4",
      "resolved": "https://registry.npmjs.org/victory-selection-container/-/victory-selection-container-35.3.4.tgz",
      "integrity": "sha512-HgACj1YXL++cUQBH/oMd6Bu8MACUVexagTlA8Nl6WM9mBMcLDFgPqwSAbNSoSIc3pGyPImhqw/ko1uPb4W7/wA==",
      "requires": {
        "lodash": "^4.17.19",
        "prop-types": "^15.5.8",
        "victory-core": "^35.3.4"
      }
    },
    "victory-shared-events": {
      "version": "35.3.4",
      "resolved": "https://registry.npmjs.org/victory-shared-events/-/victory-shared-events-35.3.4.tgz",
      "integrity": "sha512-FTQF9AtyCaniinaR49tGMNHZwILxL3szRXr29QJ9jEPZRnNDu4g1fMBlzlrVmKyDWqrJS5kjVk6VYHot/Mm7fg==",
      "requires": {
        "json-stringify-safe": "^5.0.1",
        "lodash": "^4.17.19",
        "prop-types": "^15.5.8",
        "react-fast-compare": "^2.0.0",
        "victory-core": "^35.3.4"
      }
    },
    "victory-stack": {
      "version": "35.3.4",
      "resolved": "https://registry.npmjs.org/victory-stack/-/victory-stack-35.3.4.tgz",
      "integrity": "sha512-6AwMI3nTrtxBBuiEZ3c1GnqNtq+CeuLa6eYlhSCRoMBw9biE1WiN1PBfWBto+KEvJLCZRD9LgS1Mz7MLJvB1/A==",
      "requires": {
        "lodash": "^4.17.19",
        "prop-types": "^15.5.8",
        "react-fast-compare": "^2.0.0",
        "victory-core": "^35.3.4",
        "victory-shared-events": "^35.3.4"
      }
    },
    "victory-tooltip": {
      "version": "35.3.4",
      "resolved": "https://registry.npmjs.org/victory-tooltip/-/victory-tooltip-35.3.4.tgz",
      "integrity": "sha512-0zr0RzJsadUO88mxD35WCRlA0O1PhIxZm8s3VQ+g1E5ME54dU/hRynBHfNLRci+WQXjRysd1JIa+Op/IsqnLoA==",
      "requires": {
        "lodash": "^4.17.19",
        "prop-types": "^15.5.8",
        "victory-core": "^35.3.4"
      }
    },
    "victory-voronoi": {
      "version": "35.3.4",
      "resolved": "https://registry.npmjs.org/victory-voronoi/-/victory-voronoi-35.3.4.tgz",
      "integrity": "sha512-Ptk8HMoGFCOGB14jNSXADABXyMoJJ2jB7N8eQ1TZxiRE0eqTf5M8VQONJs6+dZfp6kqaCGd6IZPxDc0J5voSzg==",
      "requires": {
        "d3-voronoi": "^1.1.2",
        "lodash": "^4.17.19",
        "prop-types": "^15.5.8",
        "victory-core": "^35.3.4"
      }
    },
    "victory-voronoi-container": {
      "version": "35.3.4",
      "resolved": "https://registry.npmjs.org/victory-voronoi-container/-/victory-voronoi-container-35.3.4.tgz",
      "integrity": "sha512-2AIUnE5xv3zemz9mMEQb0BhNZTQ3Y/8OkdAukwH/J+v5Le2AXDs7yQj4bniheviBKWHW60BeKCCt1rXMjjxYdg==",
      "requires": {
        "delaunay-find": "0.0.5",
        "lodash": "^4.17.19",
        "prop-types": "^15.5.8",
        "react-fast-compare": "^2.0.0",
        "victory-core": "^35.3.4",
        "victory-tooltip": "^35.3.4"
      }
    },
    "victory-zoom-container": {
      "version": "35.3.4",
      "resolved": "https://registry.npmjs.org/victory-zoom-container/-/victory-zoom-container-35.3.4.tgz",
      "integrity": "sha512-UNQ5hAUI1+dAMY4o//LRssF3xVUkmddDRzN2r+VZ/HRQxVt3ndj0sQDJHazsDlV14uP08pBPd4Y1uXF+fUev+Q==",
      "requires": {
        "lodash": "^4.17.19",
        "prop-types": "^15.5.8",
        "victory-core": "^35.3.4"
      }
    }
  }
}
