# THIS IS AN AUTOGENERATED FILE. DO NOT EDIT THIS FILE DIRECTLY.
# yarn lockfile v1


d3-array@^1.2.0:
  version "1.2.4"
  resolved "https://registry.yarnpkg.com/d3-array/-/d3-array-1.2.4.tgz#635ce4d5eea759f6f605863dbcfc30edc737f71f"
  integrity sha512-KHW6M86R+FUPYGb3R5XiYjXPq7VzwxZ22buHhAEVG5ztoEcZZMLov530mmccaqA1GghZArjQV46fuc8kUqhhHw==

d3-array@^2.4.0:
  version "2.8.0"
  resolved "https://registry.yarnpkg.com/d3-array/-/d3-array-2.8.0.tgz#f76e10ad47f1f4f75f33db5fc322eb9ffde5ef23"
  integrity sha512-6V272gsOeg7+9pTW1jSYOR1QE37g95I3my1hBmY+vOUNHRrk9yt4OTz/gK7PMkVAVDrYYq4mq3grTiZ8iJdNIw==

d3-collection@1:
  version "1.0.7"
  resolved "https://registry.yarnpkg.com/d3-collection/-/d3-collection-1.0.7.tgz#349bd2aa9977db071091c13144d5e4f16b5b310e"
  integrity sha512-ii0/r5f4sjKNTfh84Di+DpztYwqKhEyUlKoPrzUFfeSkWxjW49xU2QzO9qrPrNkpdI0XJkfzvmTu8V2Zylln6A==

d3-color@1:
  version "1.4.1"
  resolved "https://registry.yarnpkg.com/d3-color/-/d3-color-1.4.1.tgz#c52002bf8846ada4424d55d97982fef26eb3bc8a"
  integrity sha512-p2sTHSLCJI2QKunbGb7ocOh7DgTAn8IrLx21QRc/BSnodXM4sv6aLQlnfpvehFMLZEfBc6g9pH9SWQccFYfJ9Q==

d3-ease@^1.0.0:
  version "1.0.7"
  resolved "https://registry.yarnpkg.com/d3-ease/-/d3-ease-1.0.7.tgz#9a834890ef8b8ae8c558b2fe55bd57f5993b85e2"
  integrity sha512-lx14ZPYkhNx0s/2HX5sLFUI3mbasHjSSpwO/KaaNACweVwxUruKyWVcb293wMv1RqTPZyZ8kSZ2NogUZNcLOFQ==

d3-format@1:
  version "1.4.5"
  resolved "https://registry.yarnpkg.com/d3-format/-/d3-format-1.4.5.tgz#374f2ba1320e3717eb74a9356c67daee17a7edb4"
  integrity sha512-J0piedu6Z8iB6TbIGfZgDzfXxUFN3qQRMofy2oPdXzQibYGqPB/9iMcxr/TGalU+2RsyDO+U4f33id8tbnSRMQ==

d3-interpolate@1, d3-interpolate@^1.1.1:
  version "1.4.0"
  resolved "https://registry.yarnpkg.com/d3-interpolate/-/d3-interpolate-1.4.0.tgz#526e79e2d80daa383f9e0c1c1c7dcc0f0583e987"
  integrity sha512-V9znK0zc3jOPV4VD2zZn0sDhZU3WAE2bmlxdIwwQPPzPjvyLkd8B3JUVdS1IDUFDkWZ72c9qnv1GK2ZagTZ8EA==
  dependencies:
    d3-color "1"

d3-path@1:
  version "1.0.9"
  resolved "https://registry.yarnpkg.com/d3-path/-/d3-path-1.0.9.tgz#48c050bb1fe8c262493a8caf5524e3e9591701cf"
  integrity sha512-VLaYcn81dtHVTjEHd8B+pbe9yHWpXKZUC87PzoFmsFrJqgFwDe/qxfp5MlfsfM1V5E/iVt0MmEbWQ7FVIXh/bg==

d3-scale@^1.0.0:
  version "1.0.7"
  resolved "https://registry.yarnpkg.com/d3-scale/-/d3-scale-1.0.7.tgz#fa90324b3ea8a776422bd0472afab0b252a0945d"
  integrity sha512-KvU92czp2/qse5tUfGms6Kjig0AhHOwkzXG0+PqIJB3ke0WUv088AHMZI0OssO9NCkXt4RP8yju9rpH8aGB7Lw==
  dependencies:
    d3-array "^1.2.0"
    d3-collection "1"
    d3-color "1"
    d3-format "1"
    d3-interpolate "1"
    d3-time "1"
    d3-time-format "2"

d3-shape@^1.0.0, d3-shape@^1.2.0:
  version "1.3.7"
  resolved "https://registry.yarnpkg.com/d3-shape/-/d3-shape-1.3.7.tgz#df63801be07bc986bc54f63789b4fe502992b5d7"
  integrity sha512-EUkvKjqPFUAZyOlhY5gzCxCeI0Aep04LwIRpsZ/mLFelJiUfnK56jo5JMDSE7yyP2kLSb6LtF+S5chMk7uqPqw==
  dependencies:
    d3-path "1"

d3-time-format@2:
  version "2.3.0"
  resolved "https://registry.yarnpkg.com/d3-time-format/-/d3-time-format-2.3.0.tgz#107bdc028667788a8924ba040faf1fbccd5a7850"
  integrity sha512-guv6b2H37s2Uq/GefleCDtbe0XZAuy7Wa49VGkPVPMfLL9qObgBST3lEHJBMUp8S7NdLQAGIvr2KXk8Hc98iKQ==
  dependencies:
    d3-time "1"

d3-time@1:
  version "1.1.0"
  resolved "https://registry.yarnpkg.com/d3-time/-/d3-time-1.1.0.tgz#b1e19d307dae9c900b7e5b25ffc5dcc249a8a0f1"
  integrity sha512-Xh0isrZ5rPYYdqhAVk8VLnMEidhz5aP7htAADH6MfzgmmicPkTo8LhkLxci61/lCB7n7UmE3bN0leRt+qvkLxA==

d3-timer@^1.0.0:
  version "1.0.10"
  resolved "https://registry.yarnpkg.com/d3-timer/-/d3-timer-1.0.10.tgz#dfe76b8a91748831b13b6d9c793ffbd508dd9de5"
  integrity sha512-B1JDm0XDaQC+uvo4DT79H0XmBskgS3l6Ve+1SBCfxgmtIb1AVrPIoqd+nPSv+loMX8szQ0sVUhGngL7D5QPiXw==

d3-voronoi@^1.1.2:
  version "1.1.4"
  resolved "https://registry.yarnpkg.com/d3-voronoi/-/d3-voronoi-1.1.4.tgz#dd3c78d7653d2bb359284ae478645d95944c8297"
  integrity sha512-dArJ32hchFsrQ8uMiTBLq256MpnZjeuBtdHpaDlYuQyjU0CVzCJl/BVW+SkszaAeH95D/8gxqAhgx0ouAWAfRg==

delaunator@^4.0.0:
  version "4.0.1"
  resolved "https://registry.yarnpkg.com/delaunator/-/delaunator-4.0.1.tgz#3d779687f57919a7a418f8ab947d3bddb6846957"
  integrity sha512-WNPWi1IRKZfCt/qIDMfERkDp93+iZEmOxN2yy4Jg+Xhv8SLk2UTqqbe1sfiipn0and9QrE914/ihdx82Y/Giag==

delaunay-find@0.0.5:
  version "0.0.5"
  resolved "https://registry.yarnpkg.com/delaunay-find/-/delaunay-find-0.0.5.tgz#5fb37e6509da934881b4b16c08898ac89862c097"
  integrity sha512-7yAJ/wmKWj3SgqjtkGqT/RCwI0HWAo5YnHMoF5nYXD8cdci+YSo23iPmgrZUNOpDxRWN91PqxUvMMr2lKpjr+w==
  dependencies:
    delaunator "^4.0.0"

"js-tokens@^3.0.0 || ^4.0.0":
  version "4.0.0"
  resolved "https://registry.yarnpkg.com/js-tokens/-/js-tokens-4.0.0.tgz#19203fb59991df98e3a287050d4647cdeaf32499"
  integrity sha512-RdJUflcE3cUzKiMqQgsCu06FPu9UdIJO0beYbPhHN4k6apgJtifcoCtT9bcxOpYBtpD2kCM6Sbzg4CausW/PKQ==

json-stringify-safe@^5.0.1:
  version "5.0.1"
  resolved "https://registry.yarnpkg.com/json-stringify-safe/-/json-stringify-safe-5.0.1.tgz#1296a2d58fd45f19a0f6ce01d65701e2c735b6eb"
  integrity sha1-Epai1Y/UXxmg9s4B1lcB4sc1tus=

lodash@^4.17.19:
  version "4.17.20"
  resolved "https://registry.yarnpkg.com/lodash/-/lodash-4.17.20.tgz#b44a9b6297bcb698f1c51a3545a2b3b368d59c52"
  integrity sha512-PlhdFcillOINfeV7Ni6oF1TAEayyZBoZ8bcshTHqOYJYlrqzRK5hagpagky5o4HfCzzd1TRkXPMFq6cKk9rGmA==

loose-envify@^1.4.0:
  version "1.4.0"
  resolved "https://registry.yarnpkg.com/loose-envify/-/loose-envify-1.4.0.tgz#71ee51fa7be4caec1a63839f7e682d8132d30caf"
  integrity sha512-lyuxPGr/Wfhrlem2CL/UcnUc1zcqKAImBDzukY7Y5F/yQiNdko6+fRLevlw1HgMySw7f611UIY408EtxRSoK3Q==
  dependencies:
    js-tokens "^3.0.0 || ^4.0.0"

object-assign@^4.1.1:
  version "4.1.1"
  resolved "https://registry.yarnpkg.com/object-assign/-/object-assign-4.1.1.tgz#2109adc7965887cfc05cbbd442cac8bfbb360863"
  integrity sha1-IQmtx5ZYh8/AXLvUQsrIv7s2CGM=

prop-types@^15.5.8:
  version "15.7.2"
  resolved "https://registry.yarnpkg.com/prop-types/-/prop-types-15.7.2.tgz#52c41e75b8c87e72b9d9360e0206b99dcbffa6c5"
  integrity sha512-8QQikdH7//R2vurIJSutZ1smHYTcLpRWEOlHnzcWHmBYrOGUysKwSsrC89BCiFj3CbrfJ/nXFdJepOVrY1GCHQ==
  dependencies:
    loose-envify "^1.4.0"
    object-assign "^4.1.1"
    react-is "^16.8.1"

react-fast-compare@^2.0.0:
  version "2.0.4"
  resolved "https://registry.yarnpkg.com/react-fast-compare/-/react-fast-compare-2.0.4.tgz#e84b4d455b0fec113e0402c329352715196f81f9"
  integrity sha512-suNP+J1VU1MWFKcyt7RtjiSWUjvidmQSlqu+eHslq+342xCbGTYmC0mEhPCOHxlW0CywylOC1u2DFAT+bv4dBw==

react-is@^16.8.1:
  version "16.13.1"
  resolved "https://registry.yarnpkg.com/react-is/-/react-is-16.13.1.tgz#789729a4dc36de2999dc156dd6c1d9c18cea56a4"
  integrity sha512-24e6ynE2H+OKt4kqsOvNd8kBpV65zoxbA4BVsEOB3ARVWQki/DHzaUoC5KuON/BiccDaCCTZBuOcfZs70kR8bQ==

victory-area@^35.3.4:
  version "35.3.4"
  resolved "https://registry.yarnpkg.com/victory-area/-/victory-area-35.3.4.tgz#4562a6a55515b976e0dd0ecba52fbf43bee3b13f"
  integrity sha512-+3CIXVlEon5fekfhlnhL0mssr0DYxpebXb4LMAZkkm2a34aug617qIE/OfRmeFQkj/QWkeOZ0UNA3U7s5wlcIA==
  dependencies:
    d3-shape "^1.2.0"
    lodash "^4.17.19"
    prop-types "^15.5.8"
    victory-core "^35.3.4"

victory-axis@^35.3.4:
  version "35.3.4"
  resolved "https://registry.yarnpkg.com/victory-axis/-/victory-axis-35.3.4.tgz#4f0411976ac1ea80082294f56781932fd63f7894"
  integrity sha512-/E/h6qqH5Y95veCSnua+Wh1oTI58yQ47hli/LPA0adl9vYgJW/4oljwqjjk7zy+6aZ269RKs5PqekrL3v9Nt0g==
  dependencies:
    lodash "^4.17.19"
    prop-types "^15.5.8"
    victory-core "^35.3.4"

victory-bar@^35.3.4:
  version "35.3.4"
  resolved "https://registry.yarnpkg.com/victory-bar/-/victory-bar-35.3.4.tgz#f9be8b712ad6f286ee7eacc9bd2eb8e8c0c32727"
  integrity sha512-pSPnqPUzyKftLp2mpDkUzIvN9X4tzjHi8WegCW9OTJbzUEk658jluZ0nagatMh/H28Z9KPhYG6ZHGKri/mRE+A==
  dependencies:
    d3-shape "^1.2.0"
    lodash "^4.17.19"
    prop-types "^15.5.8"
    victory-core "^35.3.4"

victory-box-plot@^35.3.4:
  version "35.3.4"
  resolved "https://registry.yarnpkg.com/victory-box-plot/-/victory-box-plot-35.3.4.tgz#b58b6ba7117a506d744971f4f6a8074960106e13"
  integrity sha512-e2XpaoNNfXuN8mqjzQZUG0+FBJ9nwgOgEYaD0AOpHsS9SKG2Odrqvt2qSNa6VR2ugmrqEbmE9o6XFxTblzzGng==
  dependencies:
    d3-array "^1.2.0"
    lodash "^4.17.19"
    prop-types "^15.5.8"
    victory-core "^35.3.4"

victory-brush-container@^35.3.4:
  version "35.3.4"
  resolved "https://registry.yarnpkg.com/victory-brush-container/-/victory-brush-container-35.3.4.tgz#a42ebc5c55693d3c97d30f267c60e2f970c8b920"
  integrity sha512-dHwN8lVXx9VZ51kZdYNxe5R0Z5Gmhmf7nzupHaHOToMpm/OO1p/L9fi9+QhAPUisQWIwcgJiVfb4S6ST85lYNA==
  dependencies:
    lodash "^4.17.19"
    prop-types "^15.5.8"
    react-fast-compare "^2.0.0"
    victory-core "^35.3.4"

victory-brush-line@^35.3.4:
  version "35.3.4"
  resolved "https://registry.yarnpkg.com/victory-brush-line/-/victory-brush-line-35.3.4.tgz#8b7a75f4b73236cd9d7b741588742371a7c41b1d"
  integrity sha512-WxLeEK9tZCSa1oroq0T6AbDccDNTFQ87aZlSrG2WcyVLncRpQQ616kxN5qHj1KfNpFKDvWWDtGNYnA8JCEW1DA==
  dependencies:
    lodash "^4.17.19"
    prop-types "^15.5.8"
    react-fast-compare "^2.0.0"
    victory-core "^35.3.4"

victory-candlestick@^35.3.4:
  version "35.3.4"
  resolved "https://registry.yarnpkg.com/victory-candlestick/-/victory-candlestick-35.3.4.tgz#2c2e672c60e14e8a9e0a5178cef85c8b64197713"
  integrity sha512-aH8UEmo1RFAv+LufOydEPrzKyqYsu7svfoCEd7ZzixGdpiTrHbbTf6/9y/bXFPKNTUNPyv2ko+p57RMzHYcx7g==
  dependencies:
    lodash "^4.17.19"
    prop-types "^15.5.8"
    victory-core "^35.3.4"

victory-chart@^35.3.4:
  version "35.3.4"
  resolved "https://registry.yarnpkg.com/victory-chart/-/victory-chart-35.3.4.tgz#eff6385dc919e4cb3fe37c65d6d260feac26bc28"
  integrity sha512-OZMkMuuvaYHljmDq72rYMSn5dUsZIozgUYhMXoHwc6D7AuBcCQE0lzBv82xKlJn+95JwgbcEi5o/bLzwATCByg==
  dependencies:
    lodash "^4.17.19"
    prop-types "^15.5.8"
    react-fast-compare "^2.0.0"
    victory-axis "^35.3.4"
    victory-core "^35.3.4"
    victory-polar-axis "^35.3.4"
    victory-shared-events "^35.3.4"

victory-core@^35.3.4:
  version "35.3.4"
  resolved "https://registry.yarnpkg.com/victory-core/-/victory-core-35.3.4.tgz#7e78d38cab2f65d28a9eeb952b8c817d6ecc519f"
  integrity sha512-uskNGipXfHJepH2uGi6jUmF5x8m1oe1jG03HTm4bQMZ5beHfyRykOXhPFNB3dzMqXE+m7t7AlKCBijNnsvSexA==
  dependencies:
    d3-ease "^1.0.0"
    d3-interpolate "^1.1.1"
    d3-scale "^1.0.0"
    d3-shape "^1.2.0"
    d3-timer "^1.0.0"
    lodash "^4.17.19"
    prop-types "^15.5.8"
    react-fast-compare "^2.0.0"

victory-create-container@^35.3.4:
  version "35.3.4"
  resolved "https://registry.yarnpkg.com/victory-create-container/-/victory-create-container-35.3.4.tgz#f9d8400a11dae878676b1034c7ce23588f43f65b"
  integrity sha512-TBIZAxWk6Vyf2HKehMjiclgPnsoeTpe5Q8HJjqxGaNQtxsJM0GW6bWdh1opA2DudADI0tum2RlOdDh3113k8Qg==
  dependencies:
    lodash "^4.17.19"
    victory-brush-container "^35.3.4"
    victory-core "^35.3.4"
    victory-cursor-container "^35.3.4"
    victory-selection-container "^35.3.4"
    victory-voronoi-container "^35.3.4"
    victory-zoom-container "^35.3.4"

victory-cursor-container@^35.3.4:
  version "35.3.4"
  resolved "https://registry.yarnpkg.com/victory-cursor-container/-/victory-cursor-container-35.3.4.tgz#30053422fbd89a7ea921cff7a532af4747960a0c"
  integrity sha512-rsGu7jUWph5wqFV4szEUf9CHiNQ1rB8ru7vSdNjFOfx6irgeYdTZT7BwuDOuxNB6t67ZF3HJpmv6lT6/eHenVQ==
  dependencies:
    lodash "^4.17.19"
    prop-types "^15.5.8"
    victory-core "^35.3.4"

victory-errorbar@^35.3.4:
  version "35.3.4"
  resolved "https://registry.yarnpkg.com/victory-errorbar/-/victory-errorbar-35.3.4.tgz#bb9d3f019197686ad437b49d54c5ce0c1e79991f"
  integrity sha512-gb88zv/3GxL0pY/eiWhMsB2Rx4cCGNHdzwE2yuLodgIi6kpyEtQekeaNR1WV22lZNv5RxkJjQdXf+4CTP7GFyw==
  dependencies:
    lodash "^4.17.19"
    prop-types "^15.5.8"
    victory-core "^35.3.4"

victory-group@^35.3.4:
  version "35.3.4"
  resolved "https://registry.yarnpkg.com/victory-group/-/victory-group-35.3.4.tgz#b8877242a79da401f557900b351431a06726d502"
  integrity sha512-hxOpTRRL/Lh3PRCynm/ZGl2Zmm6Lqw6yJK3c5lUzj5Lbp76p5emV8eBHVaomZftYBAq610ca6jgzo6ktRxKZxA==
  dependencies:
    lodash "^4.17.19"
    prop-types "^15.5.8"
    react-fast-compare "^2.0.0"
    victory-core "^35.3.4"
    victory-shared-events "^35.3.4"

victory-histogram@^35.3.4:
  version "35.3.4"
  resolved "https://registry.yarnpkg.com/victory-histogram/-/victory-histogram-35.3.4.tgz#a45f934125ea8e6ef701d5d22813fd16250e9da0"
  integrity sha512-hALASFr7j+d91OZEBHcY/u9+9CopXyVXDFttzrJsG12qhFWjDhlWYf9NHigV1f+e49VoTm9ySNvKbWOefB7Uag==
  dependencies:
    d3-array "^2.4.0"
    d3-scale "^1.0.0"
    lodash "^4.17.19"
    prop-types "^15.5.8"
    react-fast-compare "^2.0.0"
    victory-bar "^35.3.4"
    victory-core "^35.3.4"

victory-legend@^35.3.4:
  version "35.3.4"
  resolved "https://registry.yarnpkg.com/victory-legend/-/victory-legend-35.3.4.tgz#18d8638b6f8c027599cf8d774d9f2161d0c00567"
  integrity sha512-DbadLtPFxusho7RYaM/J72JG5/Kg/Q81SNmewrglGzL8O8KpwuZ7yeeopotNWAlNUiofwcAYNaqLWnMycWEheQ==
  dependencies:
    lodash "^4.17.19"
    prop-types "^15.5.8"
    victory-core "^35.3.4"

victory-line@^35.3.4:
  version "35.3.4"
  resolved "https://registry.yarnpkg.com/victory-line/-/victory-line-35.3.4.tgz#d497d78d25cc276a6bac438a9bd7432ab2f7fcf4"
  integrity sha512-O+VnJwX9lEAPYMQy9ratu2wnVrNtHTR54D2SuqUhtpFtwO6fGZvqXSI4TViNjsYnV1BV3XgcVcy5nID5BZmxeQ==
  dependencies:
    d3-shape "^1.2.0"
    lodash "^4.17.19"
    prop-types "^15.5.8"
    victory-core "^35.3.4"

victory-pie@^35.3.4:
  version "35.3.4"
  resolved "https://registry.yarnpkg.com/victory-pie/-/victory-pie-35.3.4.tgz#4cf26914b7911445b8c01eb1cb709a324a5f062d"
  integrity sha512-5M7ljh6gXljojrg2tzVJwef/Kqy4Ad1iv2Kgi+6G7v9wKOZDbvy9+q/YUyc201f+t1xXy2iAdeOxZ0GPq1PHQg==
  dependencies:
    d3-shape "^1.0.0"
    lodash "^4.17.19"
    prop-types "^15.5.8"
    victory-core "^35.3.4"

victory-polar-axis@^35.3.4:
  version "35.3.4"
  resolved "https://registry.yarnpkg.com/victory-polar-axis/-/victory-polar-axis-35.3.4.tgz#ec185f2b8f3e9d372d214e9332eff1ca23e544cf"
  integrity sha512-iEy2ZL4xkxXvSLXYhLQa7hwC62pC4MNALAIA7V/nrvg39QqBnh+n4avH04R6sg5TRVdsFAKZqReaEMF2WQFAxg==
  dependencies:
    lodash "^4.17.19"
    prop-types "^15.5.8"
    victory-core "^35.3.4"

victory-scatter@^35.3.4:
  version "35.3.4"
  resolved "https://registry.yarnpkg.com/victory-scatter/-/victory-scatter-35.3.4.tgz#177c921912907d08999388ff736fbf25f86791b4"
  integrity sha512-ECV/fJqCyUAczTTNwfzkolvWiDmAilJAlu78xVP6MfL389ws06HNVosNQpx/I/DZdmLY2hs9yBEeaR2p6HB2TQ==
  dependencies:
    lodash "^4.17.19"
    prop-types "^15.5.8"
    victory-core "^35.3.4"

victory-selection-container@^35.3.4:
  version "35.3.4"
  resolved "https://registry.yarnpkg.com/victory-selection-container/-/victory-selection-container-35.3.4.tgz#b49e128f32c53a7f1fde4dac80f39a74b5ad8e86"
  integrity sha512-HgACj1YXL++cUQBH/oMd6Bu8MACUVexagTlA8Nl6WM9mBMcLDFgPqwSAbNSoSIc3pGyPImhqw/ko1uPb4W7/wA==
  dependencies:
    lodash "^4.17.19"
    prop-types "^15.5.8"
    victory-core "^35.3.4"

victory-shared-events@^35.3.4:
  version "35.3.4"
  resolved "https://registry.yarnpkg.com/victory-shared-events/-/victory-shared-events-35.3.4.tgz#e70e6c2bb399d69a5f3bf5a2d5e476c34b176117"
  integrity sha512-FTQF9AtyCaniinaR49tGMNHZwILxL3szRXr29QJ9jEPZRnNDu4g1fMBlzlrVmKyDWqrJS5kjVk6VYHot/Mm7fg==
  dependencies:
    json-stringify-safe "^5.0.1"
    lodash "^4.17.19"
    prop-types "^15.5.8"
    react-fast-compare "^2.0.0"
    victory-core "^35.3.4"

victory-stack@^35.3.4:
  version "35.3.4"
  resolved "https://registry.yarnpkg.com/victory-stack/-/victory-stack-35.3.4.tgz#9124d40d84a9281e3120819e40f76ec2c5ca82ad"
  integrity sha512-6AwMI3nTrtxBBuiEZ3c1GnqNtq+CeuLa6eYlhSCRoMBw9biE1WiN1PBfWBto+KEvJLCZRD9LgS1Mz7MLJvB1/A==
  dependencies:
    lodash "^4.17.19"
    prop-types "^15.5.8"
    react-fast-compare "^2.0.0"
    victory-core "^35.3.4"
    victory-shared-events "^35.3.4"

victory-tooltip@^35.3.4:
  version "35.3.4"
  resolved "https://registry.yarnpkg.com/victory-tooltip/-/victory-tooltip-35.3.4.tgz#1346f072ef5e79ebf1bcc069035e1feb26acf3a8"
  integrity sha512-0zr0RzJsadUO88mxD35WCRlA0O1PhIxZm8s3VQ+g1E5ME54dU/hRynBHfNLRci+WQXjRysd1JIa+Op/IsqnLoA==
  dependencies:
    lodash "^4.17.19"
    prop-types "^15.5.8"
    victory-core "^35.3.4"

victory-voronoi-container@^35.3.4:
  version "35.3.4"
  resolved "https://registry.yarnpkg.com/victory-voronoi-container/-/victory-voronoi-container-35.3.4.tgz#984c360d73a24a99a5945b51bf603ab226426184"
  integrity sha512-2AIUnE5xv3zemz9mMEQb0BhNZTQ3Y/8OkdAukwH/J+v5Le2AXDs7yQj4bniheviBKWHW60BeKCCt1rXMjjxYdg==
  dependencies:
    delaunay-find "0.0.5"
    lodash "^4.17.19"
    prop-types "^15.5.8"
    react-fast-compare "^2.0.0"
    victory-core "^35.3.4"
    victory-tooltip "^35.3.4"

victory-voronoi@^35.3.4:
  version "35.3.4"
  resolved "https://registry.yarnpkg.com/victory-voronoi/-/victory-voronoi-35.3.4.tgz#782909803e6ea985acd34822dc71e7b30ac0c0d2"
  integrity sha512-Ptk8HMoGFCOGB14jNSXADABXyMoJJ2jB7N8eQ1TZxiRE0eqTf5M8VQONJs6+dZfp6kqaCGd6IZPxDc0J5voSzg==
  dependencies:
    d3-voronoi "^1.1.2"
    lodash "^4.17.19"
    prop-types "^15.5.8"
    victory-core "^35.3.4"

victory-zoom-container@^35.3.4:
  version "35.3.4"
  resolved "https://registry.yarnpkg.com/victory-zoom-container/-/victory-zoom-container-35.3.4.tgz#76a6d27e1bdd202760ee2f1f34d1d8addbde18cb"
  integrity sha512-UNQ5hAUI1+dAMY4o//LRssF3xVUkmddDRzN2r+VZ/HRQxVt3ndj0sQDJHazsDlV14uP08pBPd4Y1uXF+fUev+Q==
  dependencies:
    lodash "^4.17.19"
    prop-types "^15.5.8"
    victory-core "^35.3.4"

victory@^35.3.4:
  version "35.3.4"
  resolved "https://registry.yarnpkg.com/victory/-/victory-35.3.4.tgz#46a180af14d5911f3dff05406bba93440eaf3177"
  integrity sha512-QoMNrZaMixmFX10EMLfkNgPcnLt38iA35nongzgJQ6AGzKQPgiYuX19qi9UlMHuqH3jDTotMEKGJtqMVc5PilQ==
  dependencies:
    victory-area "^35.3.4"
    victory-axis "^35.3.4"
    victory-bar "^35.3.4"
    victory-box-plot "^35.3.4"
    victory-brush-container "^35.3.4"
    victory-brush-line "^35.3.4"
    victory-candlestick "^35.3.4"
    victory-chart "^35.3.4"
    victory-core "^35.3.4"
    victory-create-container "^35.3.4"
    victory-cursor-container "^35.3.4"
    victory-errorbar "^35.3.4"
    victory-group "^35.3.4"
    victory-histogram "^35.3.4"
    victory-legend "^35.3.4"
    victory-line "^35.3.4"
    victory-pie "^35.3.4"
    victory-polar-axis "^35.3.4"
    victory-scatter "^35.3.4"
    victory-selection-container "^35.3.4"
    victory-shared-events "^35.3.4"
    victory-stack "^35.3.4"
    victory-tooltip "^35.3.4"
    victory-voronoi "^35.3.4"
    victory-voronoi-container "^35.3.4"
    victory-zoom-container "^35.3.4"
